
Microsoft Visual Studio Solution File, Format Version 12.00
# Visual Studio 15
VisualStudioVersion = 15.0.28307.489
MinimumVisualStudioVersion = 10.0.40219.1
Project("{9A19103F-16F7-4668-BE54-9A1E7A4F7556}") = "Calc", "Calc.csproj", "{10BAB8E5-D78F-4D11-B786-51AAAEFFC627}"
EndProject
Global
	GlobalSection(SolutionConfigurationPlatforms) = preSolution
		Debug|Any CPU = Debug|Any CPU
		Release|Any CPU = Release|Any CPU
	EndGlobalSection
	GlobalSection(ProjectConfigurationPlatforms) = postSolution
		{10BAB8E5-D78F-4D11-B786-51AAAEFFC627}.Debug|Any CPU.ActiveCfg = Debug|Any CPU
		{10BAB8E5-D78F-4D11-B786-51AAAEFFC627}.Debug|Any CPU.Build.0 = Debug|Any CPU
		{10BAB8E5-D78F-4D11-B786-51AAAEFFC627}.Release|Any CPU.ActiveCfg = Release|Any CPU
		{10BAB8E5-D78F-4D11-B786-51AAAEFFC627}.Release|Any CPU.Build.0 = Release|Any CPU
	EndGlobalSection
	GlobalSection(SolutionProperties) = preSolution
		HideSolutionNode = FALSE
	EndGlobalSection
	GlobalSection(ExtensibilityGlobals) = postSolution
		SolutionGuid = {7506D50F-5C61-4F95-9251-39E1D213186E}
	EndGlobalSection
EndGlobal
